
Microsoft Visual Studio Solution File, Format Version 12.00
# Visual Studio 2013
VisualStudioVersion = 12.0.21005.1
MinimumVisualStudioVersion = 10.0.40219.1
Project("{FAE04EC0-301F-11D3-BF4B-00C04F79EFBC}") = "Wpf", "Wpf\Wpf.csproj", "{6B516EC0-5310-44BD-BA75-39A46A54FC5B}"
EndProject
Project("{FAE04EC0-301F-11D3-BF4B-00C04F79EFBC}") = "AIOAPI", "AIOAPI\AIOAPI.csproj", "{4906057A-15A5-427E-878D-91224472CA32}"
EndProject
Project("{FAE04EC0-301F-11D3-BF4B-00C04F79EFBC}") = "CAMAPI", "CAMAPI\CAMAPI.csproj", "{7F7AC9AB-6E7C-4C03-BFD4-8C07CF80AEEE}"
EndProject
Global
	GlobalSection(SolutionConfigurationPlatforms) = preSolution
		CD_ROM|Any CPU = CD_ROM|Any CPU
		CD_ROM|x64 = CD_ROM|x64
		CD_ROM|x86 = CD_ROM|x86
		Debug|Any CPU = Debug|Any CPU
		Debug|x64 = Debug|x64
		Debug|x86 = Debug|x86
		DVD-5|Any CPU = DVD-5|Any CPU
		DVD-5|x64 = DVD-5|x64
		DVD-5|x86 = DVD-5|x86
		Release|Any CPU = Release|Any CPU
		Release|x64 = Release|x64
		Release|x86 = Release|x86
		SingleImage|Any CPU = SingleImage|Any CPU
		SingleImage|x64 = SingleImage|x64
		SingleImage|x86 = SingleImage|x86
	EndGlobalSection
	GlobalSection(ProjectConfigurationPlatforms) = postSolution
		{6B516EC0-5310-44BD-BA75-39A46A54FC5B}.CD_ROM|Any CPU.ActiveCfg = Release|Any CPU
		{6B516EC0-5310-44BD-BA75-39A46A54FC5B}.CD_ROM|Any CPU.Build.0 = Release|Any CPU
		{6B516EC0-5310-44BD-BA75-39A46A54FC5B}.CD_ROM|x64.ActiveCfg = Release|x64
		{6B516EC0-5310-44BD-BA75-39A46A54FC5B}.CD_ROM|x64.Build.0 = Release|x64
		{6B516EC0-5310-44BD-BA75-39A46A54FC5B}.CD_ROM|x86.ActiveCfg = Release|x86
		{6B516EC0-5310-44BD-BA75-39A46A54FC5B}.CD_ROM|x86.Build.0 = Release|x86
		{6B516EC0-5310-44BD-BA75-39A46A54FC5B}.Debug|Any CPU.ActiveCfg = Debug|Any CPU
		{6B516EC0-5310-44BD-BA75-39A46A54FC5B}.Debug|Any CPU.Build.0 = Debug|Any CPU
		{6B516EC0-5310-44BD-BA75-39A46A54FC5B}.Debug|x64.ActiveCfg = Debug|x64
		{6B516EC0-5310-44BD-BA75-39A46A54FC5B}.Debug|x64.Build.0 = Debug|x64
		{6B516EC0-5310-44BD-BA75-39A46A54FC5B}.Debug|x86.ActiveCfg = Release|x86
		{6B516EC0-5310-44BD-BA75-39A46A54FC5B}.Debug|x86.Build.0 = Release|x86
		{6B516EC0-5310-44BD-BA75-39A46A54FC5B}.DVD-5|Any CPU.ActiveCfg = Debug|Any CPU
		{6B516EC0-5310-44BD-BA75-39A46A54FC5B}.DVD-5|Any CPU.Build.0 = Debug|Any CPU
		{6B516EC0-5310-44BD-BA75-39A46A54FC5B}.DVD-5|x64.ActiveCfg = Debug|x64
		{6B516EC0-5310-44BD-BA75-39A46A54FC5B}.DVD-5|x64.Build.0 = Debug|x64
		{6B516EC0-5310-44BD-BA75-39A46A54FC5B}.DVD-5|x86.ActiveCfg = Debug|x86
		{6B516EC0-5310-44BD-BA75-39A46A54FC5B}.DVD-5|x86.Build.0 = Debug|x86
		{6B516EC0-5310-44BD-BA75-39A46A54FC5B}.Release|Any CPU.ActiveCfg = Release|Any CPU
		{6B516EC0-5310-44BD-BA75-39A46A54FC5B}.Release|Any CPU.Build.0 = Release|Any CPU
		{6B516EC0-5310-44BD-BA75-39A46A54FC5B}.Release|x64.ActiveCfg = Release|x86
		{6B516EC0-5310-44BD-BA75-39A46A54FC5B}.Release|x64.Build.0 = Release|x86
		{6B516EC0-5310-44BD-BA75-39A46A54FC5B}.Release|x86.ActiveCfg = Debug|x86
		{6B516EC0-5310-44BD-BA75-39A46A54FC5B}.Release|x86.Build.0 = Debug|x86
		{6B516EC0-5310-44BD-BA75-39A46A54FC5B}.SingleImage|Any CPU.ActiveCfg = Release|Any CPU
		{6B516EC0-5310-44BD-BA75-39A46A54FC5B}.SingleImage|Any CPU.Build.0 = Release|Any CPU
		{6B516EC0-5310-44BD-BA75-39A46A54FC5B}.SingleImage|x64.ActiveCfg = Release|x64
		{6B516EC0-5310-44BD-BA75-39A46A54FC5B}.SingleImage|x64.Build.0 = Release|x64
		{6B516EC0-5310-44BD-BA75-39A46A54FC5B}.SingleImage|x86.ActiveCfg = Release|x86
		{6B516EC0-5310-44BD-BA75-39A46A54FC5B}.SingleImage|x86.Build.0 = Release|x86
		{4906057A-15A5-427E-878D-91224472CA32}.CD_ROM|Any CPU.ActiveCfg = Release|Any CPU
		{4906057A-15A5-427E-878D-91224472CA32}.CD_ROM|Any CPU.Build.0 = Release|Any CPU
		{4906057A-15A5-427E-878D-91224472CA32}.CD_ROM|x64.ActiveCfg = Debug|Any CPU
		{4906057A-15A5-427E-878D-91224472CA32}.CD_ROM|x86.ActiveCfg = Debug|Any CPU
		{4906057A-15A5-427E-878D-91224472CA32}.Debug|Any CPU.ActiveCfg = Debug|Any CPU
		{4906057A-15A5-427E-878D-91224472CA32}.Debug|Any CPU.Build.0 = Debug|Any CPU
		{4906057A-15A5-427E-878D-91224472CA32}.Debug|x64.ActiveCfg = Debug|Any CPU
		{4906057A-15A5-427E-878D-91224472CA32}.Debug|x86.ActiveCfg = Release|Any CPU
		{4906057A-15A5-427E-878D-91224472CA32}.DVD-5|Any CPU.ActiveCfg = Debug|Any CPU
		{4906057A-15A5-427E-878D-91224472CA32}.DVD-5|Any CPU.Build.0 = Debug|Any CPU
		{4906057A-15A5-427E-878D-91224472CA32}.DVD-5|x64.ActiveCfg = Debug|Any CPU
		{4906057A-15A5-427E-878D-91224472CA32}.DVD-5|x86.ActiveCfg = Debug|Any CPU
		{4906057A-15A5-427E-878D-91224472CA32}.Release|Any CPU.ActiveCfg = Release|Any CPU
		{4906057A-15A5-427E-878D-91224472CA32}.Release|Any CPU.Build.0 = Release|Any CPU
		{4906057A-15A5-427E-878D-91224472CA32}.Release|x64.ActiveCfg = Release|Any CPU
		{4906057A-15A5-427E-878D-91224472CA32}.Release|x86.ActiveCfg = Debug|Any CPU
		{4906057A-15A5-427E-878D-91224472CA32}.SingleImage|Any CPU.ActiveCfg = Release|Any CPU
		{4906057A-15A5-427E-878D-91224472CA32}.SingleImage|Any CPU.Build.0 = Release|Any CPU
		{4906057A-15A5-427E-878D-91224472CA32}.SingleImage|x64.ActiveCfg = Debug|Any CPU
		{4906057A-15A5-427E-878D-91224472CA32}.SingleImage|x86.ActiveCfg = Debug|Any CPU
		{7F7AC9AB-6E7C-4C03-BFD4-8C07CF80AEEE}.CD_ROM|Any CPU.ActiveCfg = Release|Any CPU
		{7F7AC9AB-6E7C-4C03-BFD4-8C07CF80AEEE}.CD_ROM|Any CPU.Build.0 = Release|Any CPU
		{7F7AC9AB-6E7C-4C03-BFD4-8C07CF80AEEE}.CD_ROM|x64.ActiveCfg = Debug|Any CPU
		{7F7AC9AB-6E7C-4C03-BFD4-8C07CF80AEEE}.CD_ROM|x86.ActiveCfg = Debug|Any CPU
		{7F7AC9AB-6E7C-4C03-BFD4-8C07CF80AEEE}.Debug|Any CPU.ActiveCfg = Debug|Any CPU
		{7F7AC9AB-6E7C-4C03-BFD4-8C07CF80AEEE}.Debug|Any CPU.Build.0 = Debug|Any CPU
		{7F7AC9AB-6E7C-4C03-BFD4-8C07CF80AEEE}.Debug|x64.ActiveCfg = Debug|Any CPU
		{7F7AC9AB-6E7C-4C03-BFD4-8C07CF80AEEE}.Debug|x86.ActiveCfg = Release|Any CPU
		{7F7AC9AB-6E7C-4C03-BFD4-8C07CF80AEEE}.DVD-5|Any CPU.ActiveCfg = Debug|Any CPU
		{7F7AC9AB-6E7C-4C03-BFD4-8C07CF80AEEE}.DVD-5|Any CPU.Build.0 = Debug|Any CPU
		{7F7AC9AB-6E7C-4C03-BFD4-8C07CF80AEEE}.DVD-5|x64.ActiveCfg = Debug|Any CPU
		{7F7AC9AB-6E7C-4C03-BFD4-8C07CF80AEEE}.DVD-5|x86.ActiveCfg = Debug|Any CPU
		{7F7AC9AB-6E7C-4C03-BFD4-8C07CF80AEEE}.Release|Any CPU.ActiveCfg = Release|Any CPU
		{7F7AC9AB-6E7C-4C03-BFD4-8C07CF80AEEE}.Release|Any CPU.Build.0 = Release|Any CPU
		{7F7AC9AB-6E7C-4C03-BFD4-8C07CF80AEEE}.Release|x64.ActiveCfg = Release|Any CPU
		{7F7AC9AB-6E7C-4C03-BFD4-8C07CF80AEEE}.Release|x86.ActiveCfg = Debug|Any CPU
		{7F7AC9AB-6E7C-4C03-BFD4-8C07CF80AEEE}.SingleImage|Any CPU.ActiveCfg = Release|Any CPU
		{7F7AC9AB-6E7C-4C03-BFD4-8C07CF80AEEE}.SingleImage|Any CPU.Build.0 = Release|Any CPU
		{7F7AC9AB-6E7C-4C03-BFD4-8C07CF80AEEE}.SingleImage|x64.ActiveCfg = Debug|Any CPU
		{7F7AC9AB-6E7C-4C03-BFD4-8C07CF80AEEE}.SingleImage|x86.ActiveCfg = Debug|Any CPU
	EndGlobalSection
	GlobalSection(SolutionProperties) = preSolution
		HideSolutionNode = FALSE
	EndGlobalSection
EndGlobal
